# THIS IS AN AUTOGENERATED FILE. DO NOT EDIT THIS FILE DIRECTLY.
# yarn lockfile v1


"@types/node@20.9.5":
  version "20.9.5"
  resolved "https://registry.yarnpkg.com/@types/node/-/node-20.9.5.tgz#bb441014bcb91c63742b0e1fe25b902f5d581faa"
  integrity sha512-Uq2xbNq0chGg+/WQEU0LJTSs/1nKxz6u1iemLcGomkSnKokbW1fbLqc3HOqCf2JP7KjlL4QkS7oZZTrOQHQYgQ==
  dependencies:
    undici-types "~5.26.4"

prettier-plugin-organize-imports@4.3.0:
  version "4.3.0"
  resolved "https://registry.yarnpkg.com/prettier-plugin-organize-imports/-/prettier-plugin-organize-imports-4.3.0.tgz#e8d392e2040b3e5fc1476967d669487dde0eea76"
  integrity sha512-FxFz0qFhyBsGdIsb697f/EkvHzi5SZOhWAjxcx2dLt+Q532bAlhswcXGYB1yzjZ69kW8UoadFBw7TyNwlq96Iw==

prettier@3.6.2:
  version "3.6.2"
  resolved "https://registry.yarnpkg.com/prettier/-/prettier-3.6.2.tgz#ccda02a1003ebbb2bfda6f83a074978f608b9393"
  integrity sha512-I7AIg5boAr5R0FFtJ6rCfD+LFsWHp81dolrFD8S79U9tb8Az2nGrJncnMSnys+bpQJfRUzqs9hnA81OAA3hCuQ==

typescript@5.9.3:
  version "5.9.3"
  resolved "https://registry.yarnpkg.com/typescript/-/typescript-5.9.3.tgz#5b4f59e15310ab17a216f5d6cf53ee476ede670f"
  integrity sha512-jl1vZzPDinLr9eUt3J/t7V6FgNEw9QjvBPdysz9KfQDD41fQrC2Y4vKQdiaUpFT4bXlb1RHhLpp8wtm6M5TgSw==

undici-types@~5.26.4:
  version "5.26.5"
  resolved "https://registry.yarnpkg.com/undici-types/-/undici-types-5.26.5.tgz#bcd539893d00b56e964fd2657a4866b221a65617"
  integrity sha512-JlCMO+ehdEIKqlFxk6IfVoAUVmgz7cU7zD/h9XZ0qzeosSHmUJVOzSQvvYSYWXkFXC+IfLKSIffhv0sVZup6pA==
